
Microsoft Visual Studio Solution File, Format Version 12.00
# Visual Studio Version 17
VisualStudioVersion = 17.14.36511.14
MinimumVisualStudioVersion = 10.0.40219.1
Project("{FAE04EC0-301F-11D3-BF4B-00C04F79EFBC}") = "LibraryApplication", "LibraryApplication\LibraryApplication.csproj", "{412110CF-19EB-4A97-B25B-CB1BBF37F9E1}"
EndProject
Project("{FAE04EC0-301F-11D3-BF4B-00C04F79EFBC}") = "LibrarySolution.Tests", "LibrarySolution.Tests\LibrarySolution.Tests.csproj", "{AD344341-D1F9-F6FC-7A41-99632FE2D797}"
EndProject
Project("{FAE04EC0-301F-11D3-BF4B-00C04F79EFBC}") = "Library.Core", "Library.Core\Library.Core.csproj", "{0620FADB-0FFF-4392-A2BA-0371639D600B}"
EndProject
Project("{FAE04EC0-301F-11D3-BF4B-00C04F79EFBC}") = "Library.Data", "Library.Data\Library.Data.csproj", "{56DD7A4B-7A3F-4B40-87C0-9F6B1BEFC878}"
EndProject
Project("{FAE04EC0-301F-11D3-BF4B-00C04F79EFBC}") = "Library.Business", "Library.Business\Library.Business.csproj", "{E26B28A3-C85E-6507-F72F-9A0651697B00}"
EndProject
Project("{FAE04EC0-301F-11D3-BF4B-00C04F79EFBC}") = "Library.API", "Library.API\Library.API.csproj", "{FFF0F5E7-DC46-4CC5-B278-CE29C5AFB98A}"
EndProject
Global
	GlobalSection(SolutionConfigurationPlatforms) = preSolution
		Debug|Any CPU = Debug|Any CPU
		Release|Any CPU = Release|Any CPU
	EndGlobalSection
	GlobalSection(ProjectConfigurationPlatforms) = postSolution
		{412110CF-19EB-4A97-B25B-CB1BBF37F9E1}.Debug|Any CPU.ActiveCfg = Debug|Any CPU
		{412110CF-19EB-4A97-B25B-CB1BBF37F9E1}.Debug|Any CPU.Build.0 = Debug|Any CPU
		{412110CF-19EB-4A97-B25B-CB1BBF37F9E1}.Release|Any CPU.ActiveCfg = Release|Any CPU
		{412110CF-19EB-4A97-B25B-CB1BBF37F9E1}.Release|Any CPU.Build.0 = Release|Any CPU
		{AD344341-D1F9-F6FC-7A41-99632FE2D797}.Debug|Any CPU.ActiveCfg = Debug|Any CPU
		{AD344341-D1F9-F6FC-7A41-99632FE2D797}.Debug|Any CPU.Build.0 = Debug|Any CPU
		{AD344341-D1F9-F6FC-7A41-99632FE2D797}.Release|Any CPU.ActiveCfg = Release|Any CPU
		{AD344341-D1F9-F6FC-7A41-99632FE2D797}.Release|Any CPU.Build.0 = Release|Any CPU
		{0620FADB-0FFF-4392-A2BA-0371639D600B}.Debug|Any CPU.ActiveCfg = Debug|Any CPU
		{0620FADB-0FFF-4392-A2BA-0371639D600B}.Debug|Any CPU.Build.0 = Debug|Any CPU
		{0620FADB-0FFF-4392-A2BA-0371639D600B}.Release|Any CPU.ActiveCfg = Release|Any CPU
		{0620FADB-0FFF-4392-A2BA-0371639D600B}.Release|Any CPU.Build.0 = Release|Any CPU
		{56DD7A4B-7A3F-4B40-87C0-9F6B1BEFC878}.Debug|Any CPU.ActiveCfg = Debug|Any CPU
		{56DD7A4B-7A3F-4B40-87C0-9F6B1BEFC878}.Debug|Any CPU.Build.0 = Debug|Any CPU
		{56DD7A4B-7A3F-4B40-87C0-9F6B1BEFC878}.Release|Any CPU.ActiveCfg = Release|Any CPU
		{56DD7A4B-7A3F-4B40-87C0-9F6B1BEFC878}.Release|Any CPU.Build.0 = Release|Any CPU
		{E26B28A3-C85E-6507-F72F-9A0651697B00}.Debug|Any CPU.ActiveCfg = Debug|Any CPU
		{E26B28A3-C85E-6507-F72F-9A0651697B00}.Debug|Any CPU.Build.0 = Debug|Any CPU
		{E26B28A3-C85E-6507-F72F-9A0651697B00}.Release|Any CPU.ActiveCfg = Release|Any CPU
		{E26B28A3-C85E-6507-F72F-9A0651697B00}.Release|Any CPU.Build.0 = Release|Any CPU
		{FFF0F5E7-DC46-4CC5-B278-CE29C5AFB98A}.Debug|Any CPU.ActiveCfg = Debug|Any CPU
		{FFF0F5E7-DC46-4CC5-B278-CE29C5AFB98A}.Debug|Any CPU.Build.0 = Debug|Any CPU
		{FFF0F5E7-DC46-4CC5-B278-CE29C5AFB98A}.Release|Any CPU.ActiveCfg = Release|Any CPU
		{FFF0F5E7-DC46-4CC5-B278-CE29C5AFB98A}.Release|Any CPU.Build.0 = Release|Any CPU
	EndGlobalSection
	GlobalSection(SolutionProperties) = preSolution
		HideSolutionNode = FALSE
	EndGlobalSection
	GlobalSection(ExtensibilityGlobals) = postSolution
		SolutionGuid = {D8CAFDF2-55E1-4253-AB7C-AE171D8689A4}
	EndGlobalSection
EndGlobal
